// !$*UTF8*$!
{
	archiveVersion = 1;
	classes = {
	};
	objectVersion = 56;
	objects = {

/* Begin PBXBuildFile section */
		3B3A9F792A66B69800737565 /* PurchaseProductViewController.swift in Sources */ = {isa = PBXBuildFile; fileRef = 3B3A9F782A66B69800737565 /* PurchaseProductViewController.swift */; };
		3B42A0312A5D611A0015BB21 /* ProductDetailTableViewCell.swift in Sources */ = {isa = PBXBuildFile; fileRef = 3B42A0302A5D611A0015BB21 /* ProductDetailTableViewCell.swift */; };
		3B4725D02A601D9700B7FD2A /* PaymentTableViewCell.swift in Sources */ = {isa = PBXBuildFile; fileRef = 3B4725CF2A601D9700B7FD2A /* PaymentTableViewCell.swift */; };
		3B48D4472A5BD3FF00DFCA2A /* CustomCollectionViewCell.swift in Sources */ = {isa = PBXBuildFile; fileRef = 3B48D4462A5BD3FF00DFCA2A /* CustomCollectionViewCell.swift */; };
		3B4A04D72A5845C0006E7B8D /* Home.swift in Sources */ = {isa = PBXBuildFile; fileRef = 3B4A04D62A5845C0006E7B8D /* Home.swift */; };
		3B68BDF82A5C3E68007F35A3 /* ProductDetailViewController.swift in Sources */ = {isa = PBXBuildFile; fileRef = 3B68BDF72A5C3E68007F35A3 /* ProductDetailViewController.swift */; };
		3BA89F672A57F36400334686 /* AppDelegate.swift in Sources */ = {isa = PBXBuildFile; fileRef = 3BA89F662A57F36400334686 /* AppDelegate.swift */; };
		3BA89F692A57F36400334686 /* SceneDelegate.swift in Sources */ = {isa = PBXBuildFile; fileRef = 3BA89F682A57F36400334686 /* SceneDelegate.swift */; };
		3BA89F6B2A57F36400334686 /* HomeViewController.swift in Sources */ = {isa = PBXBuildFile; fileRef = 3BA89F6A2A57F36400334686 /* HomeViewController.swift */; };
		3BA89F6E2A57F36400334686 /* Main.storyboard in Resources */ = {isa = PBXBuildFile; fileRef = 3BA89F6C2A57F36400334686 /* Main.storyboard */; };
		3BA89F702A57F36900334686 /* Assets.xcassets in Resources */ = {isa = PBXBuildFile; fileRef = 3BA89F6F2A57F36900334686 /* Assets.xcassets */; };
		3BA89F732A57F36A00334686 /* LaunchScreen.storyboard in Resources */ = {isa = PBXBuildFile; fileRef = 3BA89F712A57F36A00334686 /* LaunchScreen.storyboard */; };
		3BA89F7B2A57F71D00334686 /* SearchViewController.swift in Sources */ = {isa = PBXBuildFile; fileRef = 3BA89F7A2A57F71D00334686 /* SearchViewController.swift */; };
		3BA89F7D2A57F74F00334686 /* WishListViewController.swift in Sources */ = {isa = PBXBuildFile; fileRef = 3BA89F7C2A57F74F00334686 /* WishListViewController.swift */; };
		3BA89F7F2A57F78E00334686 /* CartViewController.swift in Sources */ = {isa = PBXBuildFile; fileRef = 3BA89F7E2A57F78E00334686 /* CartViewController.swift */; };
		3BA89F872A58116F00334686 /* CustomTableViewCell.swift in Sources */ = {isa = PBXBuildFile; fileRef = 3BA89F862A58116F00334686 /* CustomTableViewCell.swift */; };
		3BFB6EF62A60154D004272C2 /* PaymentViewController.swift in Sources */ = {isa = PBXBuildFile; fileRef = 3BFB6EF52A60154D004272C2 /* PaymentViewController.swift */; };
/* End PBXBuildFile section */

/* Begin PBXFileReference section */
		3B3A9F782A66B69800737565 /* PurchaseProductViewController.swift */ = {isa = PBXFileReference; lastKnownFileType = sourcecode.swift; path = PurchaseProductViewController.swift; sourceTree = "<group>"; };
		3B42A0302A5D611A0015BB21 /* ProductDetailTableViewCell.swift */ = {isa = PBXFileReference; lastKnownFileType = sourcecode.swift; path = ProductDetailTableViewCell.swift; sourceTree = "<group>"; };
		3B4725CF2A601D9700B7FD2A /* PaymentTableViewCell.swift */ = {isa = PBXFileReference; lastKnownFileType = sourcecode.swift; path = PaymentTableViewCell.swift; sourceTree = "<group>"; };
		3B48D4462A5BD3FF00DFCA2A /* CustomCollectionViewCell.swift */ = {isa = PBXFileReference; lastKnownFileType = sourcecode.swift; path = CustomCollectionViewCell.swift; sourceTree = "<group>"; };
		3B4A04D62A5845C0006E7B8D /* Home.swift */ = {isa = PBXFileReference; lastKnownFileType = sourcecode.swift; path = Home.swift; sourceTree = "<group>"; };
		3B68BDF72A5C3E68007F35A3 /* ProductDetailViewController.swift */ = {isa = PBXFileReference; lastKnownFileType = sourcecode.swift; path = ProductDetailViewController.swift; sourceTree = "<group>"; };
		3BA89F632A57F36400334686 /* eCommerceApp.app */ = {isa = PBXFileReference; explicitFileType = wrapper.application; includeInIndex = 0; path = eCommerceApp.app; sourceTree = BUILT_PRODUCTS_DIR; };
		3BA89F662A57F36400334686 /* AppDelegate.swift */ = {isa = PBXFileReference; lastKnownFileType = sourcecode.swift; path = AppDelegate.swift; sourceTree = "<group>"; };
		3BA89F682A57F36400334686 /* SceneDelegate.swift */ = {isa = PBXFileReference; lastKnownFileType = sourcecode.swift; path = SceneDelegate.swift; sourceTree = "<group>"; };
		3BA89F6A2A57F36400334686 /* HomeViewController.swift */ = {isa = PBXFileReference; lastKnownFileType = sourcecode.swift; path = HomeViewController.swift; sourceTree = "<group>"; };
		3BA89F6D2A57F36400334686 /* Base */ = {isa = PBXFileReference; lastKnownFileType = file.storyboard; name = Base; path = Base.lproj/Main.storyboard; sourceTree = "<group>"; };
		3BA89F6F2A57F36900334686 /* Assets.xcassets */ = {isa = PBXFileReference; lastKnownFileType = folder.assetcatalog; path = Assets.xcassets; sourceTree = "<group>"; };
		3BA89F722A57F36A00334686 /* Base */ = {isa = PBXFileReference; lastKnownFileType = file.storyboard; name = Base; path = Base.lproj/LaunchScreen.storyboard; sourceTree = "<group>"; };
		3BA89F742A57F36A00334686 /* Info.plist */ = {isa = PBXFileReference; lastKnownFileType = text.plist.xml; path = Info.plist; sourceTree = "<group>"; };
		3BA89F7A2A57F71D00334686 /* SearchViewController.swift */ = {isa = PBXFileReference; lastKnownFileType = sourcecode.swift; path = SearchViewController.swift; sourceTree = "<group>"; };
		3BA89F7C2A57F74F00334686 /* WishListViewController.swift */ = {isa = PBXFileReference; lastKnownFileType = sourcecode.swift; path = WishListViewController.swift; sourceTree = "<group>"; };
		3BA89F7E2A57F78E00334686 /* CartViewController.swift */ = {isa = PBXFileReference; lastKnownFileType = sourcecode.swift; path = CartViewController.swift; sourceTree = "<group>"; };
		3BA89F862A58116F00334686 /* CustomTableViewCell.swift */ = {isa = PBXFileReference; lastKnownFileType = sourcecode.swift; path = CustomTableViewCell.swift; sourceTree = "<group>"; };
		3BFB6EF52A60154D004272C2 /* PaymentViewController.swift */ = {isa = PBXFileReference; lastKnownFileType = sourcecode.swift; path = PaymentViewController.swift; sourceTree = "<group>"; };
/* End PBXFileReference section */

/* Begin PBXFrameworksBuildPhase section */
		3BA89F602A57F36400334686 /* Frameworks */ = {
			isa = PBXFrameworksBuildPhase;
			buildActionMask = 2147483647;
			files = (
			);
			runOnlyForDeploymentPostprocessing = 0;
		};
/* End PBXFrameworksBuildPhase section */

/* Begin PBXGroup section */
		3BA89F5A2A57F36400334686 = {
			isa = PBXGroup;
			children = (
				3BA89F652A57F36400334686 /* eCommerceApp */,
				3BA89F642A57F36400334686 /* Products */,
			);
			sourceTree = "<group>";
		};
		3BA89F642A57F36400334686 /* Products */ = {
			isa = PBXGroup;
			children = (
				3BA89F632A57F36400334686 /* eCommerceApp.app */,
			);
			name = Products;
			sourceTree = "<group>";
		};
		3BA89F652A57F36400334686 /* eCommerceApp */ = {
			isa = PBXGroup;
			children = (
				3BA89F662A57F36400334686 /* AppDelegate.swift */,
				3BA89F682A57F36400334686 /* SceneDelegate.swift */,
				3BA89F802A57FA7B00334686 /* Home */,
				3BA89F7A2A57F71D00334686 /* SearchViewController.swift */,
				3BA89F7C2A57F74F00334686 /* WishListViewController.swift */,
				3BA89F7E2A57F78E00334686 /* CartViewController.swift */,
				3BA89F6C2A57F36400334686 /* Main.storyboard */,
				3BA89F6F2A57F36900334686 /* Assets.xcassets */,
				3BA89F712A57F36A00334686 /* LaunchScreen.storyboard */,
				3BA89F742A57F36A00334686 /* Info.plist */,
			);
			path = eCommerceApp;
			sourceTree = "<group>";
		};
		3BA89F802A57FA7B00334686 /* Home */ = {
			isa = PBXGroup;
			children = (
				3BA89F812A57FA8700334686 /* Modal */,
				3BA89F822A57FAAA00334686 /* View */,
				3BA89F832A57FAB200334686 /* Controller */,
			);
			path = Home;
			sourceTree = "<group>";
		};
		3BA89F812A57FA8700334686 /* Modal */ = {
			isa = PBXGroup;
			children = (
				3B4A04D62A5845C0006E7B8D /* Home.swift */,
			);
			path = Modal;
			sourceTree = "<group>";
		};
		3BA89F822A57FAAA00334686 /* View */ = {
			isa = PBXGroup;
			children = (
				3BA89F862A58116F00334686 /* CustomTableViewCell.swift */,
				3B48D4462A5BD3FF00DFCA2A /* CustomCollectionViewCell.swift */,
				3B42A0302A5D611A0015BB21 /* ProductDetailTableViewCell.swift */,
				3B4725CF2A601D9700B7FD2A /* PaymentTableViewCell.swift */,
			);
			path = View;
			sourceTree = "<group>";
		};
		3BA89F832A57FAB200334686 /* Controller */ = {
			isa = PBXGroup;
			children = (
				3BA89F6A2A57F36400334686 /* HomeViewController.swift */,
				3B68BDF72A5C3E68007F35A3 /* ProductDetailViewController.swift */,
				3B3A9F782A66B69800737565 /* PurchaseProductViewController.swift */,
				3BFB6EF52A60154D004272C2 /* PaymentViewController.swift */,
			);
			path = Controller;
			sourceTree = "<group>";
		};
/* End PBXGroup section */

/* Begin PBXNativeTarget section */
		3BA89F622A57F36400334686 /* eCommerceApp */ = {
			isa = PBXNativeTarget;
			buildConfigurationList = 3BA89F772A57F36A00334686 /* Build configuration list for PBXNativeTarget "eCommerceApp" */;
			buildPhases = (
				3BA89F5F2A57F36400334686 /* Sources */,
				3BA89F602A57F36400334686 /* Frameworks */,
				3BA89F612A57F36400334686 /* Resources */,
			);
			buildRules = (
			);
			dependencies = (
			);
			name = eCommerceApp;
			productName = MobilePreviewer;
			productReference = 3BA89F632A57F36400334686 /* eCommerceApp.app */;
			productType = "com.apple.product-type.application";
		};
/* End PBXNativeTarget section */

/* Begin PBXProject section */
		3BA89F5B2A57F36400334686 /* Project object */ = {
			isa = PBXProject;
			attributes = {
				BuildIndependentTargetsInParallel = 1;
				LastSwiftUpdateCheck = 1400;
				LastUpgradeCheck = 1400;
				TargetAttributes = {
					3BA89F622A57F36400334686 = {
						CreatedOnToolsVersion = 14.0;
					};
				};
			};
			buildConfigurationList = 3BA89F5E2A57F36400334686 /* Build configuration list for PBXProject "eCommerceApp" */;
			compatibilityVersion = "Xcode 14.0";
			developmentRegion = en;
			hasScannedForEncodings = 0;
			knownRegions = (
				en,
				Base,
			);
			mainGroup = 3BA89F5A2A57F36400334686;
			productRefGroup = 3BA89F642A57F36400334686 /* Products */;
			projectDirPath = "";
			projectRoot = "";
			targets = (
				3BA89F622A57F36400334686 /* eCommerceApp */,
			);
		};
/* End PBXProject section */

/* Begin PBXResourcesBuildPhase section */
		3BA89F612A57F36400334686 /* Resources */ = {
			isa = PBXResourcesBuildPhase;
			buildActionMask = 2147483647;
			files = (
				3BA89F732A57F36A00334686 /* LaunchScreen.storyboard in Resources */,
				3BA89F702A57F36900334686 /* Assets.xcassets in Resources */,
				3BA89F6E2A57F36400334686 /* Main.storyboard in Resources */,
			);
			runOnlyForDeploymentPostprocessing = 0;
		};
/* End PBXResourcesBuildPhase section */

/* Begin PBXSourcesBuildPhase section */
		3BA89F5F2A57F36400334686 /* Sources */ = {
			isa = PBXSourcesBuildPhase;
			buildActionMask = 2147483647;
			files = (
				3BA89F6B2A57F36400334686 /* HomeViewController.swift in Sources */,
				3BFB6EF62A60154D004272C2 /* PaymentViewController.swift in Sources */,
				3B48D4472A5BD3FF00DFCA2A /* CustomCollectionViewCell.swift in Sources */,
				3BA89F7D2A57F74F00334686 /* WishListViewController.swift in Sources */,
				3BA89F672A57F36400334686 /* AppDelegate.swift in Sources */,
				3BA89F872A58116F00334686 /* CustomTableViewCell.swift in Sources */,
				3B3A9F792A66B69800737565 /* PurchaseProductViewController.swift in Sources */,
				3BA89F7B2A57F71D00334686 /* SearchViewController.swift in Sources */,
				3B42A0312A5D611A0015BB21 /* ProductDetailTableViewCell.swift in Sources */,
				3BA89F7F2A57F78E00334686 /* CartViewController.swift in Sources */,
				3B68BDF82A5C3E68007F35A3 /* ProductDetailViewController.swift in Sources */,
				3B4A04D72A5845C0006E7B8D /* Home.swift in Sources */,
				3B4725D02A601D9700B7FD2A /* PaymentTableViewCell.swift in Sources */,
				3BA89F692A57F36400334686 /* SceneDelegate.swift in Sources */,
			);
			runOnlyForDeploymentPostprocessing = 0;
		};
/* End PBXSourcesBuildPhase section */

/* Begin PBXVariantGroup section */
		3BA89F6C2A57F36400334686 /* Main.storyboard */ = {
			isa = PBXVariantGroup;
			children = (
				3BA89F6D2A57F36400334686 /* Base */,
			);
			name = Main.storyboard;
			sourceTree = "<group>";
		};
		3BA89F712A57F36A00334686 /* LaunchScreen.storyboard */ = {
			isa = PBXVariantGroup;
			children = (
				3BA89F722A57F36A00334686 /* Base */,
			);
			name = LaunchScreen.storyboard;
			sourceTree = "<group>";
		};
/* End PBXVariantGroup section */

/* Begin XCBuildConfiguration section */
		3BA89F752A57F36A00334686 /* Debug */ = {
			isa = XCBuildConfiguration;
			buildSettings = {
				ALWAYS_SEARCH_USER_PATHS = NO;
				CLANG_ANALYZER_NONNULL = YES;
				CLANG_ANALYZER_NUMBER_OBJECT_CONVERSION = YES_AGGRESSIVE;
				CLANG_CXX_LANGUAGE_STANDARD = "gnu++20";
				CLANG_ENABLE_MODULES = YES;
				CLANG_ENABLE_OBJC_ARC = YES;
				CLANG_ENABLE_OBJC_WEAK = YES;
				CLANG_WARN_BLOCK_CAPTURE_AUTORELEASING = YES;
				CLANG_WARN_BOOL_CONVERSION = YES;
				CLANG_WARN_COMMA = YES;
				CLANG_WARN_CONSTANT_CONVERSION = YES;
				CLANG_WARN_DEPRECATED_OBJC_IMPLEMENTATIONS = YES;
				CLANG_WARN_DIRECT_OBJC_ISA_USAGE = YES_ERROR;
				CLANG_WARN_DOCUMENTATION_COMMENTS = YES;
				CLANG_WARN_EMPTY_BODY = YES;
				CLANG_WARN_ENUM_CONVERSION = YES;
				CLANG_WARN_INFINITE_RECURSION = YES;
				CLANG_WARN_INT_CONVERSION = YES;
				CLANG_WARN_NON_LITERAL_NULL_CONVERSION = YES;
				CLANG_WARN_OBJC_IMPLICIT_RETAIN_SELF = YES;
				CLANG_WARN_OBJC_LITERAL_CONVERSION = YES;
				CLANG_WARN_OBJC_ROOT_CLASS = YES_ERROR;
				CLANG_WARN_QUOTED_INCLUDE_IN_FRAMEWORK_HEADER = YES;
				CLANG_WARN_RANGE_LOOP_ANALYSIS = YES;
				CLANG_WARN_STRICT_PROTOTYPES = YES;
				CLANG_WARN_SUSPICIOUS_MOVE = YES;
				CLANG_WARN_UNGUARDED_AVAILABILITY = YES_AGGRESSIVE;
				CLANG_WARN_UNREACHABLE_CODE = YES;
				CLANG_WARN__DUPLICATE_METHOD_MATCH = YES;
				COPY_PHASE_STRIP = NO;
				DEBUG_INFORMATION_FORMAT = dwarf;
				ENABLE_STRICT_OBJC_MSGSEND = YES;
				ENABLE_TESTABILITY = YES;
				GCC_C_LANGUAGE_STANDARD = gnu11;
				GCC_DYNAMIC_NO_PIC = NO;
				GCC_NO_COMMON_BLOCKS = YES;
				GCC_OPTIMIZATION_LEVEL = 0;
				GCC_PREPROCESSOR_DEFINITIONS = (
					"DEBUG=1",
					"$(inherited)",
				);
				GCC_WARN_64_TO_32_BIT_CONVERSION = YES;
				GCC_WARN_ABOUT_RETURN_TYPE = YES_ERROR;
				GCC_WARN_UNDECLARED_SELECTOR = YES;
				GCC_WARN_UNINITIALIZED_AUTOS = YES_AGGRESSIVE;
				GCC_WARN_UNUSED_FUNCTION = YES;
				GCC_WARN_UNUSED_VARIABLE = YES;
				IPHONEOS_DEPLOYMENT_TARGET = 16.0;
				MTL_ENABLE_DEBUG_INFO = INCLUDE_SOURCE;
				MTL_FAST_MATH = YES;
				ONLY_ACTIVE_ARCH = YES;
				SDKROOT = iphoneos;
				SWIFT_ACTIVE_COMPILATION_CONDITIONS = DEBUG;
				SWIFT_OPTIMIZATION_LEVEL = "-Onone";
			};
			name = Debug;
		};
		3BA89F762A57F36A00334686 /* Release */ = {
			isa = XCBuildConfiguration;
			buildSettings = {
				ALWAYS_SEARCH_USER_PATHS = NO;
				CLANG_ANALYZER_NONNULL = YES;
				CLANG_ANALYZER_NUMBER_OBJECT_CONVERSION = YES_AGGRESSIVE;
				CLANG_CXX_LANGUAGE_STANDARD = "gnu++20";
				CLANG_ENABLE_MODULES = YES;
				CLANG_ENABLE_OBJC_ARC = YES;
				CLANG_ENABLE_OBJC_WEAK = YES;
				CLANG_WARN_BLOCK_CAPTURE_AUTORELEASING = YES;
				CLANG_WARN_BOOL_CONVERSION = YES;
				CLANG_WARN_COMMA = YES;
				CLANG_WARN_CONSTANT_CONVERSION = YES;
				CLANG_WARN_DEPRECATED_OBJC_IMPLEMENTATIONS = YES;
				CLANG_WARN_DIRECT_OBJC_ISA_USAGE = YES_ERROR;
				CLANG_WARN_DOCUMENTATION_COMMENTS = YES;
				CLANG_WARN_EMPTY_BODY = YES;
				CLANG_WARN_ENUM_CONVERSION = YES;
				CLANG_WARN_INFINITE_RECURSION = YES;
				CLANG_WARN_INT_CONVERSION = YES;
				CLANG_WARN_NON_LITERAL_NULL_CONVERSION = YES;
				CLANG_WARN_OBJC_IMPLICIT_RETAIN_SELF = YES;
				CLANG_WARN_OBJC_LITERAL_CONVERSION = YES;
				CLANG_WARN_OBJC_ROOT_CLASS = YES_ERROR;
				CLANG_WARN_QUOTED_INCLUDE_IN_FRAMEWORK_HEADER = YES;
				CLANG_WARN_RANGE_LOOP_ANALYSIS = YES;
				CLANG_WARN_STRICT_PROTOTYPES = YES;
				CLANG_WARN_SUSPICIOUS_MOVE = YES;
				CLANG_WARN_UNGUARDED_AVAILABILITY = YES_AGGRESSIVE;
				CLANG_WARN_UNREACHABLE_CODE = YES;
				CLANG_WARN__DUPLICATE_METHOD_MATCH = YES;
				COPY_PHASE_STRIP = NO;
				DEBUG_INFORMATION_FORMAT = "dwarf-with-dsym";
				ENABLE_NS_ASSERTIONS = NO;
				ENABLE_STRICT_OBJC_MSGSEND = YES;
				GCC_C_LANGUAGE_STANDARD = gnu11;
				GCC_NO_COMMON_BLOCKS = YES;
				GCC_WARN_64_TO_32_BIT_CONVERSION = YES;
				GCC_WARN_ABOUT_RETURN_TYPE = YES_ERROR;
				GCC_WARN_UNDECLARED_SELECTOR = YES;
				GCC_WARN_UNINITIALIZED_AUTOS = YES_AGGRESSIVE;
				GCC_WARN_UNUSED_FUNCTION = YES;
				GCC_WARN_UNUSED_VARIABLE = YES;
				IPHONEOS_DEPLOYMENT_TARGET = 16.0;
				MTL_ENABLE_DEBUG_INFO = NO;
				MTL_FAST_MATH = YES;
				SDKROOT = iphoneos;
				SWIFT_COMPILATION_MODE = wholemodule;
				SWIFT_OPTIMIZATION_LEVEL = "-O";
				VALIDATE_PRODUCT = YES;
			};
			name = Release;
		};
		3BA89F782A57F36A00334686 /* Debug */ = {
			isa = XCBuildConfiguration;
			buildSettings = {
				ASSETCATALOG_COMPILER_APPICON_NAME = AppIcon;
				ASSETCATALOG_COMPILER_GLOBAL_ACCENT_COLOR_NAME = AccentColor;
				CODE_SIGN_STYLE = Automatic;
				CURRENT_PROJECT_VERSION = 1;
				DEVELOPMENT_TEAM = 3EGXVN72T4;
				GENERATE_INFOPLIST_FILE = YES;
				INFOPLIST_FILE = eCommerceApp/Info.plist;
				INFOPLIST_KEY_UIApplicationSupportsIndirectInputEvents = YES;
				INFOPLIST_KEY_UILaunchStoryboardName = LaunchScreen;
				INFOPLIST_KEY_UIMainStoryboardFile = Main;
				INFOPLIST_KEY_UISupportedInterfaceOrientations_iPad = "UIInterfaceOrientationPortrait UIInterfaceOrientationPortraitUpsideDown UIInterfaceOrientationLandscapeLeft UIInterfaceOrientationLandscapeRight";
				INFOPLIST_KEY_UISupportedInterfaceOrientations_iPhone = "UIInterfaceOrientationPortrait UIInterfaceOrientationLandscapeLeft UIInterfaceOrientationLandscapeRight";
				LD_RUNPATH_SEARCH_PATHS = (
					"$(inherited)",
					"@executable_path/Frameworks",
				);
				MARKETING_VERSION = 1.0;
				PRODUCT_BUNDLE_IDENTIFIER = eCommerceApp.eCommerceApp;
				PRODUCT_NAME = "$(TARGET_NAME)";
				SWIFT_EMIT_LOC_STRINGS = YES;
				SWIFT_VERSION = 5.0;
				TARGETED_DEVICE_FAMILY = "1,2";
			};
			name = Debug;
		};
		3BA89F792A57F36A00334686 /* Release */ = {
			isa = XCBuildConfiguration;
			buildSettings = {
				ASSETCATALOG_COMPILER_APPICON_NAME = AppIcon;
				ASSETCATALOG_COMPILER_GLOBAL_ACCENT_COLOR_NAME = AccentColor;
				CODE_SIGN_STYLE = Automatic;
				CURRENT_PROJECT_VERSION = 1;
				DEVELOPMENT_TEAM = 3EGXVN72T4;
				GENERATE_INFOPLIST_FILE = YES;
				INFOPLIST_FILE = eCommerceApp/Info.plist;
				INFOPLIST_KEY_UIApplicationSupportsIndirectInputEvents = YES;
				INFOPLIST_KEY_UILaunchStoryboardName = LaunchScreen;
				INFOPLIST_KEY_UIMainStoryboardFile = Main;
				INFOPLIST_KEY_UISupportedInterfaceOrientations_iPad = "UIInterfaceOrientationPortrait UIInterfaceOrientationPortraitUpsideDown UIInterfaceOrientationLandscapeLeft UIInterfaceOrientationLandscapeRight";
				INFOPLIST_KEY_UISupportedInterfaceOrientations_iPhone = "UIInterfaceOrientationPortrait UIInterfaceOrientationLandscapeLeft UIInterfaceOrientationLandscapeRight";
				LD_RUNPATH_SEARCH_PATHS = (
					"$(inherited)",
					"@executable_path/Frameworks",
				);
				MARKETING_VERSION = 1.0;
				PRODUCT_BUNDLE_IDENTIFIER = eCommerceApp.eCommerceApp;
				PRODUCT_NAME = "$(TARGET_NAME)";
				SWIFT_EMIT_LOC_STRINGS = YES;
				SWIFT_VERSION = 5.0;
				TARGETED_DEVICE_FAMILY = "1,2";
			};
			name = Release;
		};
/* End XCBuildConfiguration section */

/* Begin XCConfigurationList section */
		3BA89F5E2A57F36400334686 /* Build configuration list for PBXProject "eCommerceApp" */ = {
			isa = XCConfigurationList;
			buildConfigurations = (
				3BA89F752A57F36A00334686 /* Debug */,
				3BA89F762A57F36A00334686 /* Release */,
			);
			defaultConfigurationIsVisible = 0;
			defaultConfigurationName = Release;
		};
		3BA89F772A57F36A00334686 /* Build configuration list for PBXNativeTarget "eCommerceApp" */ = {
			isa = XCConfigurationList;
			buildConfigurations = (
				3BA89F782A57F36A00334686 /* Debug */,
				3BA89F792A57F36A00334686 /* Release */,
			);
			defaultConfigurationIsVisible = 0;
			defaultConfigurationName = Release;
		};
/* End XCConfigurationList section */
	};
	rootObject = 3BA89F5B2A57F36400334686 /* Project object */;
}
